
Microsoft Visual Studio Solution File, Format Version 11.00
# Visual Studio 2010
Project("{FAE04EC0-301F-11D3-BF4B-00C04F79EFBC}") = "MSBuildTasks", "MSBuildTasks.csproj", "{2E7F3340-69D9-4D07-85E6-348ACFE69508}"
EndProject
Global
	GlobalSection(SolutionConfigurationPlatforms) = preSolution
		Debug|Any CPU = Debug|Any CPU
		Release|Any CPU = Release|Any CPU
	EndGlobalSection
	GlobalSection(ProjectConfigurationPlatforms) = postSolution
		{2E7F3340-69D9-4D07-85E6-348ACFE69508}.Debug|Any CPU.ActiveCfg = Debug|Any CPU
		{2E7F3340-69D9-4D07-85E6-348ACFE69508}.Debug|Any CPU.Build.0 = Debug|Any CPU
		{2E7F3340-69D9-4D07-85E6-348ACFE69508}.Release|Any CPU.ActiveCfg = Release|Any CPU
		{2E7F3340-69D9-4D07-85E6-348ACFE69508}.Release|Any CPU.Build.0 = Release|Any CPU
	EndGlobalSection
	GlobalSection(SolutionProperties) = preSolution
		HideSolutionNode = FALSE
	EndGlobalSection
EndGlobal
